
Microsoft Visual Studio Solution File, Format Version 12.00
# Visual Studio 15
VisualStudioVersion = 15.0.27130.2036
MinimumVisualStudioVersion = 10.0.40219.1
Project("{FAE04EC0-301F-11D3-BF4B-00C04F79EFBC}") = "Attacks modelling", "Attacks modelling\Attacks modelling.csproj", "{AAE90945-E87C-4B05-8C27-F570BB89EEC2}"
EndProject
Global
	GlobalSection(SolutionConfigurationPlatforms) = preSolution
		Debug|Any CPU = Debug|Any CPU
		Release|Any CPU = Release|Any CPU
	EndGlobalSection
	GlobalSection(ProjectConfigurationPlatforms) = postSolution
		{AAE90945-E87C-4B05-8C27-F570BB89EEC2}.Debug|Any CPU.ActiveCfg = Debug|Any CPU
		{AAE90945-E87C-4B05-8C27-F570BB89EEC2}.Debug|Any CPU.Build.0 = Debug|Any CPU
		{AAE90945-E87C-4B05-8C27-F570BB89EEC2}.Release|Any CPU.ActiveCfg = Release|Any CPU
		{AAE90945-E87C-4B05-8C27-F570BB89EEC2}.Release|Any CPU.Build.0 = Release|Any CPU
	EndGlobalSection
	GlobalSection(SolutionProperties) = preSolution
		HideSolutionNode = FALSE
	EndGlobalSection
	GlobalSection(ExtensibilityGlobals) = postSolution
		SolutionGuid = {EC91C83F-EFED-45B9-962E-615D1BAC510F}
	EndGlobalSection
EndGlobal
